// !$*UTF8*$!
{
	archiveVersion = 1;
	classes = {
	};
	objectVersion = 50;
	objects = {

/* Begin PBXBuildFile section */
		BFBFD33D24885ED800F8774F /* AppDelegate.swift in Sources */ = {isa = PBXBuildFile; fileRef = BFBFD33C24885ED800F8774F /* AppDelegate.swift */; };
		BFBFD33F24885ED800F8774F /* SceneDelegate.swift in Sources */ = {isa = PBXBuildFile; fileRef = BFBFD33E24885ED800F8774F /* SceneDelegate.swift */; };
		BFBFD34124885ED800F8774F /* ViewController.swift in Sources */ = {isa = PBXBuildFile; fileRef = BFBFD34024885ED800F8774F /* ViewController.swift */; };
		BFBFD34424885ED800F8774F /* Main.storyboard in Resources */ = {isa = PBXBuildFile; fileRef = BFBFD34224885ED800F8774F /* Main.storyboard */; };
		BFBFD34724885ED800F8774F /* LostOrFound.xcdatamodeld in Sources */ = {isa = PBXBuildFile; fileRef = BFBFD34524885ED800F8774F /* LostOrFound.xcdatamodeld */; };
		BFBFD34924885EDA00F8774F /* Assets.xcassets in Resources */ = {isa = PBXBuildFile; fileRef = BFBFD34824885EDA00F8774F /* Assets.xcassets */; };
		BFBFD34C24885EDA00F8774F /* LaunchScreen.storyboard in Resources */ = {isa = PBXBuildFile; fileRef = BFBFD34A24885EDA00F8774F /* LaunchScreen.storyboard */; };
/* End PBXBuildFile section */

/* Begin PBXFileReference section */
		BFBFD33924885ED800F8774F /* LostOrFound.app */ = {isa = PBXFileReference; explicitFileType = wrapper.application; includeInIndex = 0; path = LostOrFound.app; sourceTree = BUILT_PRODUCTS_DIR; };
		BFBFD33C24885ED800F8774F /* AppDelegate.swift */ = {isa = PBXFileReference; lastKnownFileType = sourcecode.swift; path = AppDelegate.swift; sourceTree = "<group>"; };
		BFBFD33E24885ED800F8774F /* SceneDelegate.swift */ = {isa = PBXFileReference; lastKnownFileType = sourcecode.swift; path = SceneDelegate.swift; sourceTree = "<group>"; };
		BFBFD34024885ED800F8774F /* ViewController.swift */ = {isa = PBXFileReference; lastKnownFileType = sourcecode.swift; path = ViewController.swift; sourceTree = "<group>"; };
		BFBFD34324885ED800F8774F /* Base */ = {isa = PBXFileReference; lastKnownFileType = file.storyboard; name = Base; path = Base.lproj/Main.storyboard; sourceTree = "<group>"; };
		BFBFD34624885ED800F8774F /* LostOrFound.xcdatamodel */ = {isa = PBXFileReference; lastKnownFileType = wrapper.xcdatamodel; path = LostOrFound.xcdatamodel; sourceTree = "<group>"; };
		BFBFD34824885EDA00F8774F /* Assets.xcassets */ = {isa = PBXFileReference; lastKnownFileType = folder.assetcatalog; path = Assets.xcassets; sourceTree = "<group>"; };
		BFBFD34B24885EDA00F8774F /* Base */ = {isa = PBXFileReference; lastKnownFileType = file.storyboard; name = Base; path = Base.lproj/LaunchScreen.storyboard; sourceTree = "<group>"; };
		BFBFD34D24885EDA00F8774F /* Info.plist */ = {isa = PBXFileReference; lastKnownFileType = text.plist.xml; path = Info.plist; sourceTree = "<group>"; };
/* End PBXFileReference section */

/* Begin PBXFrameworksBuildPhase section */
		BFBFD33624885ED800F8774F /* Frameworks */ = {
			isa = PBXFrameworksBuildPhase;
			buildActionMask = 2147483647;
			files = (
			);
			runOnlyForDeploymentPostprocessing = 0;
		};
/* End PBXFrameworksBuildPhase section */

/* Begin PBXGroup section */
		BFBFD33024885ED800F8774F = {
			isa = PBXGroup;
			children = (
				BFBFD33B24885ED800F8774F /* LostOrFound */,
				BFBFD33A24885ED800F8774F /* Products */,
			);
			sourceTree = "<group>";
		};
		BFBFD33A24885ED800F8774F /* Products */ = {
			isa = PBXGroup;
			children = (
				BFBFD33924885ED800F8774F /* LostOrFound.app */,
			);
			name = Products;
			sourceTree = "<group>";
		};
		BFBFD33B24885ED800F8774F /* LostOrFound */ = {
			isa = PBXGroup;
			children = (
				BFBFD33C24885ED800F8774F /* AppDelegate.swift */,
				BFBFD33E24885ED800F8774F /* SceneDelegate.swift */,
				BFBFD34024885ED800F8774F /* ViewController.swift */,
				BFBFD34224885ED800F8774F /* Main.storyboard */,
				BFBFD34824885EDA00F8774F /* Assets.xcassets */,
				BFBFD34A24885EDA00F8774F /* LaunchScreen.storyboard */,
				BFBFD34D24885EDA00F8774F /* Info.plist */,
				BFBFD34524885ED800F8774F /* LostOrFound.xcdatamodeld */,
			);
			path = LostOrFound;
			sourceTree = "<group>";
		};
/* End PBXGroup section */

/* Begin PBXNativeTarget section */
		BFBFD33824885ED800F8774F /* LostOrFound */ = {
			isa = PBXNativeTarget;
			buildConfigurationList = BFBFD35024885EDA00F8774F /* Build configuration list for PBXNativeTarget "LostOrFound" */;
			buildPhases = (
				BFBFD33524885ED800F8774F /* Sources */,
				BFBFD33624885ED800F8774F /* Frameworks */,
				BFBFD33724885ED800F8774F /* Resources */,
			);
			buildRules = (
			);
			dependencies = (
			);
			name = LostOrFound;
			productName = LostOrFound;
			productReference = BFBFD33924885ED800F8774F /* LostOrFound.app */;
			productType = "com.apple.product-type.application";
		};
/* End PBXNativeTarget section */

/* Begin PBXProject section */
		BFBFD33124885ED800F8774F /* Project object */ = {
			isa = PBXProject;
			attributes = {
				LastSwiftUpdateCheck = 1150;
				LastUpgradeCheck = 1150;
				ORGANIZATIONNAME = Jimmy;
				TargetAttributes = {
					BFBFD33824885ED800F8774F = {
						CreatedOnToolsVersion = 11.5;
					};
				};
			};
			buildConfigurationList = BFBFD33424885ED800F8774F /* Build configuration list for PBXProject "LostOrFound" */;
			compatibilityVersion = "Xcode 9.3";
			developmentRegion = en;
			hasScannedForEncodings = 0;
			knownRegions = (
				en,
				Base,
			);
			mainGroup = BFBFD33024885ED800F8774F;
			productRefGroup = BFBFD33A24885ED800F8774F /* Products */;
			projectDirPath = "";
			projectRoot = "";
			targets = (
				BFBFD33824885ED800F8774F /* LostOrFound */,
			);
		};
/* End PBXProject section */

/* Begin PBXResourcesBuildPhase section */
		BFBFD33724885ED800F8774F /* Resources */ = {
			isa = PBXResourcesBuildPhase;
			buildActionMask = 2147483647;
			files = (
				BFBFD34C24885EDA00F8774F /* LaunchScreen.storyboard in Resources */,
				BFBFD34924885EDA00F8774F /* Assets.xcassets in Resources */,
				BFBFD34424885ED800F8774F /* Main.storyboard in Resources */,
			);
			runOnlyForDeploymentPostprocessing = 0;
		};
/* End PBXResourcesBuildPhase section */

/* Begin PBXSourcesBuildPhase section */
		BFBFD33524885ED800F8774F /* Sources */ = {
			isa = PBXSourcesBuildPhase;
			buildActionMask = 2147483647;
			files = (
				BFBFD34124885ED800F8774F /* ViewController.swift in Sources */,
				BFBFD33D24885ED800F8774F /* AppDelegate.swift in Sources */,
				BFBFD33F24885ED800F8774F /* SceneDelegate.swift in Sources */,
				BFBFD34724885ED800F8774F /* LostOrFound.xcdatamodeld in Sources */,
			);
			runOnlyForDeploymentPostprocessing = 0;
		};
/* End PBXSourcesBuildPhase section */

/* Begin PBXVariantGroup section */
		BFBFD34224885ED800F8774F /* Main.storyboard */ = {
			isa = PBXVariantGroup;
			children = (
				BFBFD34324885ED800F8774F /* Base */,
			);
			name = Main.storyboard;
			sourceTree = "<group>";
		};
		BFBFD34A24885EDA00F8774F /* LaunchScreen.storyboard */ = {
			isa = PBXVariantGroup;
			children = (
				BFBFD34B24885EDA00F8774F /* Base */,
			);
			name = LaunchScreen.storyboard;
			sourceTree = "<group>";
		};
/* End PBXVariantGroup section */

/* Begin XCBuildConfiguration section */
		BFBFD34E24885EDA00F8774F /* Debug */ = {
			isa = XCBuildConfiguration;
			buildSettings = {
				ALWAYS_SEARCH_USER_PATHS = NO;
				CLANG_ANALYZER_NONNULL = YES;
				CLANG_ANALYZER_NUMBER_OBJECT_CONVERSION = YES_AGGRESSIVE;
				CLANG_CXX_LANGUAGE_STANDARD = "gnu++14";
				CLANG_CXX_LIBRARY = "libc++";
				CLANG_ENABLE_MODULES = YES;
				CLANG_ENABLE_OBJC_ARC = YES;
				CLANG_ENABLE_OBJC_WEAK = YES;
				CLANG_WARN_BLOCK_CAPTURE_AUTORELEASING = YES;
				CLANG_WARN_BOOL_CONVERSION = YES;
				CLANG_WARN_COMMA = YES;
				CLANG_WARN_CONSTANT_CONVERSION = YES;
				CLANG_WARN_DEPRECATED_OBJC_IMPLEMENTATIONS = YES;
				CLANG_WARN_DIRECT_OBJC_ISA_USAGE = YES_ERROR;
				CLANG_WARN_DOCUMENTATION_COMMENTS = YES;
				CLANG_WARN_EMPTY_BODY = YES;
				CLANG_WARN_ENUM_CONVERSION = YES;
				CLANG_WARN_INFINITE_RECURSION = YES;
				CLANG_WARN_INT_CONVERSION = YES;
				CLANG_WARN_NON_LITERAL_NULL_CONVERSION = YES;
				CLANG_WARN_OBJC_IMPLICIT_RETAIN_SELF = YES;
				CLANG_WARN_OBJC_LITERAL_CONVERSION = YES;
				CLANG_WARN_OBJC_ROOT_CLASS = YES_ERROR;
				CLANG_WARN_RANGE_LOOP_ANALYSIS = YES;
				CLANG_WARN_STRICT_PROTOTYPES = YES;
				CLANG_WARN_SUSPICIOUS_MOVE = YES;
				CLANG_WARN_UNGUARDED_AVAILABILITY = YES_AGGRESSIVE;
				CLANG_WARN_UNREACHABLE_CODE = YES;
				CLANG_WARN__DUPLICATE_METHOD_MATCH = YES;
				COPY_PHASE_STRIP = NO;
				DEBUG_INFORMATION_FORMAT = dwarf;
				ENABLE_STRICT_OBJC_MSGSEND = YES;
				ENABLE_TESTABILITY = YES;
				GCC_C_LANGUAGE_STANDARD = gnu11;
				GCC_DYNAMIC_NO_PIC = NO;
				GCC_NO_COMMON_BLOCKS = YES;
				GCC_OPTIMIZATION_LEVEL = 0;
				GCC_PREPROCESSOR_DEFINITIONS = (
					"DEBUG=1",
					"$(inherited)",
				);
				GCC_WARN_64_TO_32_BIT_CONVERSION = YES;
				GCC_WARN_ABOUT_RETURN_TYPE = YES_ERROR;
				GCC_WARN_UNDECLARED_SELECTOR = YES;
				GCC_WARN_UNINITIALIZED_AUTOS = YES_AGGRESSIVE;
				GCC_WARN_UNUSED_FUNCTION = YES;
				GCC_WARN_UNUSED_VARIABLE = YES;
				IPHONEOS_DEPLOYMENT_TARGET = 13.5;
				MTL_ENABLE_DEBUG_INFO = INCLUDE_SOURCE;
				MTL_FAST_MATH = YES;
				ONLY_ACTIVE_ARCH = YES;
				SDKROOT = iphoneos;
				SWIFT_ACTIVE_COMPILATION_CONDITIONS = DEBUG;
				SWIFT_OPTIMIZATION_LEVEL = "-Onone";
			};
			name = Debug;
		};
		BFBFD34F24885EDA00F8774F /* Release */ = {
			isa = XCBuildConfiguration;
			buildSettings = {
				ALWAYS_SEARCH_USER_PATHS = NO;
				CLANG_ANALYZER_NONNULL = YES;
				CLANG_ANALYZER_NUMBER_OBJECT_CONVERSION = YES_AGGRESSIVE;
				CLANG_CXX_LANGUAGE_STANDARD = "gnu++14";
				CLANG_CXX_LIBRARY = "libc++";
				CLANG_ENABLE_MODULES = YES;
				CLANG_ENABLE_OBJC_ARC = YES;
				CLANG_ENABLE_OBJC_WEAK = YES;
				CLANG_WARN_BLOCK_CAPTURE_AUTORELEASING = YES;
				CLANG_WARN_BOOL_CONVERSION = YES;
				CLANG_WARN_COMMA = YES;
				CLANG_WARN_CONSTANT_CONVERSION = YES;
				CLANG_WARN_DEPRECATED_OBJC_IMPLEMENTATIONS = YES;
				CLANG_WARN_DIRECT_OBJC_ISA_USAGE = YES_ERROR;
				CLANG_WARN_DOCUMENTATION_COMMENTS = YES;
				CLANG_WARN_EMPTY_BODY = YES;
				CLANG_WARN_ENUM_CONVERSION = YES;
				CLANG_WARN_INFINITE_RECURSION = YES;
				CLANG_WARN_INT_CONVERSION = YES;
				CLANG_WARN_NON_LITERAL_NULL_CONVERSION = YES;
				CLANG_WARN_OBJC_IMPLICIT_RETAIN_SELF = YES;
				CLANG_WARN_OBJC_LITERAL_CONVERSION = YES;
				CLANG_WARN_OBJC_ROOT_CLASS = YES_ERROR;
				CLANG_WARN_RANGE_LOOP_ANALYSIS = YES;
				CLANG_WARN_STRICT_PROTOTYPES = YES;
				CLANG_WARN_SUSPICIOUS_MOVE = YES;
				CLANG_WARN_UNGUARDED_AVAILABILITY = YES_AGGRESSIVE;
				CLANG_WARN_UNREACHABLE_CODE = YES;
				CLANG_WARN__DUPLICATE_METHOD_MATCH = YES;
				COPY_PHASE_STRIP = NO;
				DEBUG_INFORMATION_FORMAT = "dwarf-with-dsym";
				ENABLE_NS_ASSERTIONS = NO;
				ENABLE_STRICT_OBJC_MSGSEND = YES;
				GCC_C_LANGUAGE_STANDARD = gnu11;
				GCC_NO_COMMON_BLOCKS = YES;
				GCC_WARN_64_TO_32_BIT_CONVERSION = YES;
				GCC_WARN_ABOUT_RETURN_TYPE = YES_ERROR;
				GCC_WARN_UNDECLARED_SELECTOR = YES;
				GCC_WARN_UNINITIALIZED_AUTOS = YES_AGGRESSIVE;
				GCC_WARN_UNUSED_FUNCTION = YES;
				GCC_WARN_UNUSED_VARIABLE = YES;
				IPHONEOS_DEPLOYMENT_TARGET = 13.5;
				MTL_ENABLE_DEBUG_INFO = NO;
				MTL_FAST_MATH = YES;
				SDKROOT = iphoneos;
				SWIFT_COMPILATION_MODE = wholemodule;
				SWIFT_OPTIMIZATION_LEVEL = "-O";
				VALIDATE_PRODUCT = YES;
			};
			name = Release;
		};
		BFBFD35124885EDA00F8774F /* Debug */ = {
			isa = XCBuildConfiguration;
			buildSettings = {
				ASSETCATALOG_COMPILER_APPICON_NAME = AppIcon;
				CODE_SIGN_STYLE = Automatic;
				DEVELOPMENT_TEAM = 22HUHPT9D9;
				INFOPLIST_FILE = LostOrFound/Info.plist;
				LD_RUNPATH_SEARCH_PATHS = (
					"$(inherited)",
					"@executable_path/Frameworks",
				);
				PRODUCT_BUNDLE_IDENTIFIER = dev.jimmybrown.LostOrFound;
				PRODUCT_NAME = "$(TARGET_NAME)";
				SWIFT_VERSION = 5.0;
				TARGETED_DEVICE_FAMILY = "1,2";
			};
			name = Debug;
		};
		BFBFD35224885EDA00F8774F /* Release */ = {
			isa = XCBuildConfiguration;
			buildSettings = {
				ASSETCATALOG_COMPILER_APPICON_NAME = AppIcon;
				CODE_SIGN_STYLE = Automatic;
				DEVELOPMENT_TEAM = 22HUHPT9D9;
				INFOPLIST_FILE = LostOrFound/Info.plist;
				LD_RUNPATH_SEARCH_PATHS = (
					"$(inherited)",
					"@executable_path/Frameworks",
				);
				PRODUCT_BUNDLE_IDENTIFIER = dev.jimmybrown.LostOrFound;
				PRODUCT_NAME = "$(TARGET_NAME)";
				SWIFT_VERSION = 5.0;
				TARGETED_DEVICE_FAMILY = "1,2";
			};
			name = Release;
		};
/* End XCBuildConfiguration section */

/* Begin XCConfigurationList section */
		BFBFD33424885ED800F8774F /* Build configuration list for PBXProject "LostOrFound" */ = {
			isa = XCConfigurationList;
			buildConfigurations = (
				BFBFD34E24885EDA00F8774F /* Debug */,
				BFBFD34F24885EDA00F8774F /* Release */,
			);
			defaultConfigurationIsVisible = 0;
			defaultConfigurationName = Release;
		};
		BFBFD35024885EDA00F8774F /* Build configuration list for PBXNativeTarget "LostOrFound" */ = {
			isa = XCConfigurationList;
			buildConfigurations = (
				BFBFD35124885EDA00F8774F /* Debug */,
				BFBFD35224885EDA00F8774F /* Release */,
			);
			defaultConfigurationIsVisible = 0;
			defaultConfigurationName = Release;
		};
/* End XCConfigurationList section */

/* Begin XCVersionGroup section */
		BFBFD34524885ED800F8774F /* LostOrFound.xcdatamodeld */ = {
			isa = XCVersionGroup;
			children = (
				BFBFD34624885ED800F8774F /* LostOrFound.xcdatamodel */,
			);
			currentVersion = BFBFD34624885ED800F8774F /* LostOrFound.xcdatamodel */;
			path = LostOrFound.xcdatamodeld;
			sourceTree = "<group>";
			versionGroupType = wrapper.xcdatamodel;
		};
/* End XCVersionGroup section */
	};
	rootObject = BFBFD33124885ED800F8774F /* Project object */;
}
